<?xml version="1.0" encoding="utf-8"?>
<Project ToolsVersion="14.0" xmlns="http://schemas.microsoft.com/developer/msbuild/2003">
  <ItemGroup>
    <ClCompile Include="C:\Users\Alexander\Desktop\BEP\ARGAME\MirrorServer\main.cpp">
      <Filter>Source Files</Filter>
    </ClCompile>
    <ClCompile Include="..\netlink\smart_buffer.cc">
      <Filter>Source Files\NetLink</Filter>
    </ClCompile>
    <ClCompile Include="..\netlink\socket.cc">
      <Filter>Source Files\NetLink</Filter>
    </ClCompile>
    <ClCompile Include="C:\Users\Alexander\Desktop\BEP\ARGAME\MirrorServer\netlink\socket_group.cc">
      <Filter>Source Files\NetLink</Filter>
    </ClCompile>
    <ClCompile Include="C:\Users\Alexander\Desktop\BEP\ARGAME\MirrorServer\netlink\util.cc">
      <Filter>Source Files\NetLink</Filter>
    </ClCompile>
    <ClCompile Include="..\netlink\core.cc">
      <Filter>Source Files\NetLink</Filter>
    </ClCompile>
    <ClCompile Include="..\serversocket.cpp">
      <Filter>Source Files</Filter>
    </ClCompile>
    <ClCompile Include="..\boarddetector.cpp">
      <Filter>Source Files</Filter>
    </ClCompile>
    <ClCompile Include="..\markerdetector.cpp">
      <Filter>Source Files</Filter>
    </ClCompile>
    <ClCompile Include="..\markerrecognizer.cpp">
      <Filter>Source Files</Filter>
    </ClCompile>
    <ClCompile Include="..\cvutils.cpp">
      <Filter>Source Files</Filter>
    </ClCompile>
    <ClCompile Include="..\markertracker.cpp">
      <Filter>Source Files</Filter>
    </ClCompile>
  </ItemGroup>
  <ItemGroup>
    <Filter Include="Source Files">
      <UniqueIdentifier>{9D57192B-E713-468C-94F1-8DE1467EC836}</UniqueIdentifier>
    </Filter>
    <Filter Include="Header files">
      <UniqueIdentifier>{b549d0d5-d818-4fc4-86c2-3d09656bb430}</UniqueIdentifier>
    </Filter>
    <Filter Include="Source Files\NetLink">
      <UniqueIdentifier>{b62dcd7d-7591-42c7-9dbe-0aa4496a227e}</UniqueIdentifier>
    </Filter>
  </ItemGroup>
  <ItemGroup>
    <ClInclude Include="..\boarddetector.hpp">
      <Filter>Header files</Filter>
    </ClInclude>
    <ClInclude Include="..\cvutils.hpp">
      <Filter>Header files</Filter>
    </ClInclude>
    <ClInclude Include="..\markerdetector.hpp">
      <Filter>Header files</Filter>
    </ClInclude>
    <ClInclude Include="..\markerrecognizer.hpp">
      <Filter>Header files</Filter>
    </ClInclude>
    <ClInclude Include="..\markertracker.hpp">
      <Filter>Header files</Filter>
    </ClInclude>
    <ClInclude Include="..\averager.hpp">
      <Filter>Header files</Filter>
    </ClInclude>
    <ClInclude Include="..\serversocket.hpp">
      <Filter>Header files</Filter>
    </ClInclude>
  </ItemGroup>
</Project>